// !$*UTF8*$!
{
	archiveVersion = 1;
	classes = {
	};
	objectVersion = 46;
	objects = {

/* Begin PBXBuildFile section */
		150C6DCB1F47E68600731FC7 /* main.m in Sources */ = {isa = PBXBuildFile; fileRef = 150C6DCA1F47E68600731FC7 /* main.m */; };
		150C6DCE1F47E68600731FC7 /* AppDelegate.m in Sources */ = {isa = PBXBuildFile; fileRef = 150C6DCD1F47E68600731FC7 /* AppDelegate.m */; };
		150C6DD11F47E68600731FC7 /* ViewController.m in Sources */ = {isa = PBXBuildFile; fileRef = 150C6DD01F47E68600731FC7 /* ViewController.m */; };
		150C6DD41F47E68600731FC7 /* Main.storyboard in Resources */ = {isa = PBXBuildFile; fileRef = 150C6DD21F47E68600731FC7 /* Main.storyboard */; };
		150C6DD61F47E68600731FC7 /* Assets.xcassets in Resources */ = {isa = PBXBuildFile; fileRef = 150C6DD51F47E68600731FC7 /* Assets.xcassets */; };
		150C6DD91F47E68600731FC7 /* LaunchScreen.storyboard in Resources */ = {isa = PBXBuildFile; fileRef = 150C6DD71F47E68600731FC7 /* LaunchScreen.storyboard */; };
		150C6DE41F47E68700731FC7 /* PYFrameworkTests.m in Sources */ = {isa = PBXBuildFile; fileRef = 150C6DE31F47E68700731FC7 /* PYFrameworkTests.m */; };
		150C6DEF1F47E68700731FC7 /* PYFrameworkUITests.m in Sources */ = {isa = PBXBuildFile; fileRef = 150C6DEE1F47E68700731FC7 /* PYFrameworkUITests.m */; };
		150C6E341F47EB2400731FC7 /* PYFrameworkController.m in Sources */ = {isa = PBXBuildFile; fileRef = 150C6E331F47EB2400731FC7 /* PYFrameworkController.m */; };
		150C6E401F48498400731FC7 /* TMController.m in Sources */ = {isa = PBXBuildFile; fileRef = 150C6E3F1F48498400731FC7 /* TMController.m */; };
		150C6E471F49135700731FC7 /* PYFwMenuTabController.m in Sources */ = {isa = PBXBuildFile; fileRef = 150C6E461F49135700731FC7 /* PYFwMenuTabController.m */; };
		150C6E4B1F4913DC00731FC7 /* PYFwMenuController.m in Sources */ = {isa = PBXBuildFile; fileRef = 150C6E4A1F4913DC00731FC7 /* PYFwMenuController.m */; };
		150C6E6D1F49601700731FC7 /* PYFrameworkParam.m in Sources */ = {isa = PBXBuildFile; fileRef = 150C6E6C1F49601700731FC7 /* PYFrameworkParam.m */; };
		150C6E731F49929300731FC7 /* bill@2x.png in Resources */ = {isa = PBXBuildFile; fileRef = 150C6E6F1F49929300731FC7 /* bill@2x.png */; };
		150C6E741F49929300731FC7 /* bill_pre@2x.png in Resources */ = {isa = PBXBuildFile; fileRef = 150C6E701F49929300731FC7 /* bill_pre@2x.png */; };
		150C6E751F49929300731FC7 /* me@2x.png in Resources */ = {isa = PBXBuildFile; fileRef = 150C6E711F49929300731FC7 /* me@2x.png */; };
		150C6E761F49929300731FC7 /* me_pre@2x.png in Resources */ = {isa = PBXBuildFile; fileRef = 150C6E721F49929300731FC7 /* me_pre@2x.png */; };
		150C6EB61F4A81C000731FC7 /* PYFrameworkUtile.m in Sources */ = {isa = PBXBuildFile; fileRef = 150C6EB51F4A81C000731FC7 /* PYFrameworkUtile.m */; };
		150C6ECA1F4A95AE00731FC7 /* pyframeworka.h in CopyFiles */ = {isa = PBXBuildFile; fileRef = 150C6EC71F4A95AE00731FC7 /* pyframeworka.h */; };
		150C6ECE1F4A961800731FC7 /* PYFrameworkUtile.m in Sources */ = {isa = PBXBuildFile; fileRef = 150C6EB51F4A81C000731FC7 /* PYFrameworkUtile.m */; };
		150C6ECF1F4A961800731FC7 /* PYFrameworkParam.m in Sources */ = {isa = PBXBuildFile; fileRef = 150C6E6C1F49601700731FC7 /* PYFrameworkParam.m */; };
		150C6ED01F4A961800731FC7 /* PYFwMenuTabController.m in Sources */ = {isa = PBXBuildFile; fileRef = 150C6E461F49135700731FC7 /* PYFwMenuTabController.m */; };
		150C6ED11F4A961800731FC7 /* PYFrameworkController.m in Sources */ = {isa = PBXBuildFile; fileRef = 150C6E331F47EB2400731FC7 /* PYFrameworkController.m */; };
		150C6ED21F4A964500731FC7 /* PYFrameworkUtile.h in CopyFiles */ = {isa = PBXBuildFile; fileRef = 150C6EB41F4A81C000731FC7 /* PYFrameworkUtile.h */; };
		150C6ED31F4A964500731FC7 /* PYFrameworkParam.h in CopyFiles */ = {isa = PBXBuildFile; fileRef = 150C6E6B1F49601700731FC7 /* PYFrameworkParam.h */; };
		150C6ED41F4A964500731FC7 /* PYFwMenuTabController.h in CopyFiles */ = {isa = PBXBuildFile; fileRef = 150C6E451F49135700731FC7 /* PYFwMenuTabController.h */; };
		150C6ED51F4A964500731FC7 /* PYFrameworkController.h in CopyFiles */ = {isa = PBXBuildFile; fileRef = 150C6E321F47EB2400731FC7 /* PYFrameworkController.h */; };
		150C6ED61F4A968400731FC7 /* PYFwMenuController.m in Sources */ = {isa = PBXBuildFile; fileRef = 150C6E4A1F4913DC00731FC7 /* PYFwMenuController.m */; };
		151015032174D9D4002C0C11 /* PYFrameworkParamOrientation.m in Sources */ = {isa = PBXBuildFile; fileRef = 151015022174D9D4002C0C11 /* PYFrameworkParamOrientation.m */; };
		151015132174DC7C002C0C11 /* UIViewcontrollerHookViewDelegateImp.m in Sources */ = {isa = PBXBuildFile; fileRef = 151015122174DC7C002C0C11 /* UIViewcontrollerHookViewDelegateImp.m */; };
		151015162174DD3C002C0C11 /* UIViewcontrollerHookOrientationDelegateImp.m in Sources */ = {isa = PBXBuildFile; fileRef = 151015152174DD3C002C0C11 /* UIViewcontrollerHookOrientationDelegateImp.m */; };
		151015192174DE63002C0C11 /* UIViewController+CurrentInterfaceOrientation.m in Sources */ = {isa = PBXBuildFile; fileRef = 151015182174DE63002C0C11 /* UIViewController+CurrentInterfaceOrientation.m */; };
		1510151C2174E0A4002C0C11 /* UIViewcontrollerHookViewDelegateImp.m in Sources */ = {isa = PBXBuildFile; fileRef = 151015122174DC7C002C0C11 /* UIViewcontrollerHookViewDelegateImp.m */; };
		1510151D2174E0A4002C0C11 /* UIViewcontrollerHookOrientationDelegateImp.m in Sources */ = {isa = PBXBuildFile; fileRef = 151015152174DD3C002C0C11 /* UIViewcontrollerHookOrientationDelegateImp.m */; };
		1510151E2174E0A4002C0C11 /* UIViewController+CurrentInterfaceOrientation.m in Sources */ = {isa = PBXBuildFile; fileRef = 151015182174DE63002C0C11 /* UIViewController+CurrentInterfaceOrientation.m */; };
		1510151F2174E0A4002C0C11 /* PYFrameworkParamOrientation.m in Sources */ = {isa = PBXBuildFile; fileRef = 151015022174D9D4002C0C11 /* PYFrameworkParamOrientation.m */; };
		151015222174E0B3002C0C11 /* PYFrameworkParamOrientation.h in CopyFiles */ = {isa = PBXBuildFile; fileRef = 151015012174D9D4002C0C11 /* PYFrameworkParamOrientation.h */; };
		1534C47C21724CB800775C07 /* View2Controller.m in Sources */ = {isa = PBXBuildFile; fileRef = 1534C47B21724CB800775C07 /* View2Controller.m */; };
		1557989E2058ED49005F7276 /* PYFwMenuSlipController.m in Sources */ = {isa = PBXBuildFile; fileRef = 15C376031FC1361D0076EFA6 /* PYFwMenuSlipController.m */; };
		1557989F2058ED69005F7276 /* PYFwMenuSlipController.h in CopyFiles */ = {isa = PBXBuildFile; fileRef = 15C376021FC1361D0076EFA6 /* PYFwMenuSlipController.h */; };
		155C61772057821600C8A9B4 /* icon.png in Resources */ = {isa = PBXBuildFile; fileRef = 155C61762057821600C8A9B4 /* icon.png */; };
		155C6179205782BB00C8A9B4 /* tab_bg.jpg in Resources */ = {isa = PBXBuildFile; fileRef = 155C6178205782BB00C8A9B4 /* tab_bg.jpg */; };
		155C617C2057D37B00C8A9B4 /* PYTestNormalViewController.m in Sources */ = {isa = PBXBuildFile; fileRef = 155C617B2057D37B00C8A9B4 /* PYTestNormalViewController.m */; };
		15C376041FC1361D0076EFA6 /* PYFwMenuSlipController.m in Sources */ = {isa = PBXBuildFile; fileRef = 15C376031FC1361D0076EFA6 /* PYFwMenuSlipController.m */; };
		15EFB49624ED798A003BEAB0 /* libpyinterflowa.a in Frameworks */ = {isa = PBXBuildFile; fileRef = 15EFB42F24ED7988003BEAB0 /* libpyinterflowa.a */; };
		15EFB49724ED798A003BEAB0 /* PYInterflow.bundle in Resources */ = {isa = PBXBuildFile; fileRef = 15EFB43924ED7988003BEAB0 /* PYInterflow.bundle */; };
		15EFB49824ED798A003BEAB0 /* libpyipaa.a in Frameworks */ = {isa = PBXBuildFile; fileRef = 15EFB43B24ED7988003BEAB0 /* libpyipaa.a */; };
		15EFB49924ED798A003BEAB0 /* libpykita.a in Frameworks */ = {isa = PBXBuildFile; fileRef = 15EFB44424ED7988003BEAB0 /* libpykita.a */; };
		15EFB49A24ED798A003BEAB0 /* PYKit.bundle in Resources */ = {isa = PBXBuildFile; fileRef = 15EFB46424ED7989003BEAB0 /* PYKit.bundle */; };
		15EFB49B24ED798A003BEAB0 /* libpynetworka.a in Frameworks */ = {isa = PBXBuildFile; fileRef = 15EFB46624ED7989003BEAB0 /* libpynetworka.a */; };
		15EFB49C24ED798A003BEAB0 /* libpyutilea.a in Frameworks */ = {isa = PBXBuildFile; fileRef = 15EFB46F24ED7989003BEAB0 /* libpyutilea.a */; };
/* End PBXBuildFile section */

/* Begin PBXContainerItemProxy section */
		150C6DE01F47E68700731FC7 /* PBXContainerItemProxy */ = {
			isa = PBXContainerItemProxy;
			containerPortal = 150C6DBE1F47E68600731FC7 /* Project object */;
			proxyType = 1;
			remoteGlobalIDString = 150C6DC51F47E68600731FC7;
			remoteInfo = PYFramework;
		};
		150C6DEB1F47E68700731FC7 /* PBXContainerItemProxy */ = {
			isa = PBXContainerItemProxy;
			containerPortal = 150C6DBE1F47E68600731FC7 /* Project object */;
			proxyType = 1;
			remoteGlobalIDString = 150C6DC51F47E68600731FC7;
			remoteInfo = PYFramework;
		};
/* End PBXContainerItemProxy section */

/* Begin PBXCopyFilesBuildPhase section */
		150C6EC31F4A95AE00731FC7 /* CopyFiles */ = {
			isa = PBXCopyFilesBuildPhase;
			buildActionMask = 2147483647;
			dstPath = "$(PRODUCT_NAME)";
			dstSubfolderSpec = 16;
			files = (
				151015222174E0B3002C0C11 /* PYFrameworkParamOrientation.h in CopyFiles */,
				1557989F2058ED69005F7276 /* PYFwMenuSlipController.h in CopyFiles */,
				150C6ED21F4A964500731FC7 /* PYFrameworkUtile.h in CopyFiles */,
				150C6ED31F4A964500731FC7 /* PYFrameworkParam.h in CopyFiles */,
				150C6ED41F4A964500731FC7 /* PYFwMenuTabController.h in CopyFiles */,
				150C6ED51F4A964500731FC7 /* PYFrameworkController.h in CopyFiles */,
				150C6ECA1F4A95AE00731FC7 /* pyframeworka.h in CopyFiles */,
			);
			runOnlyForDeploymentPostprocessing = 0;
		};
/* End PBXCopyFilesBuildPhase section */

/* Begin PBXFileReference section */
		150C6DC61F47E68600731FC7 /* PYFramework.app */ = {isa = PBXFileReference; explicitFileType = wrapper.application; includeInIndex = 0; path = PYFramework.app; sourceTree = BUILT_PRODUCTS_DIR; };
		150C6DCA1F47E68600731FC7 /* main.m */ = {isa = PBXFileReference; lastKnownFileType = sourcecode.c.objc; path = main.m; sourceTree = "<group>"; };
		150C6DCC1F47E68600731FC7 /* AppDelegate.h */ = {isa = PBXFileReference; lastKnownFileType = sourcecode.c.h; path = AppDelegate.h; sourceTree = "<group>"; };
		150C6DCD1F47E68600731FC7 /* AppDelegate.m */ = {isa = PBXFileReference; lastKnownFileType = sourcecode.c.objc; path = AppDelegate.m; sourceTree = "<group>"; };
		150C6DCF1F47E68600731FC7 /* ViewController.h */ = {isa = PBXFileReference; lastKnownFileType = sourcecode.c.h; path = ViewController.h; sourceTree = "<group>"; };
		150C6DD01F47E68600731FC7 /* ViewController.m */ = {isa = PBXFileReference; lastKnownFileType = sourcecode.c.objc; path = ViewController.m; sourceTree = "<group>"; };
		150C6DD31F47E68600731FC7 /* Base */ = {isa = PBXFileReference; lastKnownFileType = file.storyboard; name = Base; path = Base.lproj/Main.storyboard; sourceTree = "<group>"; };
		150C6DD51F47E68600731FC7 /* Assets.xcassets */ = {isa = PBXFileReference; lastKnownFileType = folder.assetcatalog; path = Assets.xcassets; sourceTree = "<group>"; };
		150C6DD81F47E68600731FC7 /* Base */ = {isa = PBXFileReference; lastKnownFileType = file.storyboard; name = Base; path = Base.lproj/LaunchScreen.storyboard; sourceTree = "<group>"; };
		150C6DDA1F47E68600731FC7 /* Info.plist */ = {isa = PBXFileReference; lastKnownFileType = text.plist.xml; path = Info.plist; sourceTree = "<group>"; };
		150C6DDF1F47E68600731FC7 /* PYFrameworkTests.xctest */ = {isa = PBXFileReference; explicitFileType = wrapper.cfbundle; includeInIndex = 0; path = PYFrameworkTests.xctest; sourceTree = BUILT_PRODUCTS_DIR; };
		150C6DE31F47E68700731FC7 /* PYFrameworkTests.m */ = {isa = PBXFileReference; lastKnownFileType = sourcecode.c.objc; path = PYFrameworkTests.m; sourceTree = "<group>"; };
		150C6DE51F47E68700731FC7 /* Info.plist */ = {isa = PBXFileReference; lastKnownFileType = text.plist.xml; path = Info.plist; sourceTree = "<group>"; };
		150C6DEA1F47E68700731FC7 /* PYFrameworkUITests.xctest */ = {isa = PBXFileReference; explicitFileType = wrapper.cfbundle; includeInIndex = 0; path = PYFrameworkUITests.xctest; sourceTree = BUILT_PRODUCTS_DIR; };
		150C6DEE1F47E68700731FC7 /* PYFrameworkUITests.m */ = {isa = PBXFileReference; lastKnownFileType = sourcecode.c.objc; path = PYFrameworkUITests.m; sourceTree = "<group>"; };
		150C6DF01F47E68700731FC7 /* Info.plist */ = {isa = PBXFileReference; lastKnownFileType = text.plist.xml; path = Info.plist; sourceTree = "<group>"; };
		150C6E321F47EB2400731FC7 /* PYFrameworkController.h */ = {isa = PBXFileReference; fileEncoding = 4; lastKnownFileType = sourcecode.c.h; path = PYFrameworkController.h; sourceTree = "<group>"; };
		150C6E331F47EB2400731FC7 /* PYFrameworkController.m */ = {isa = PBXFileReference; fileEncoding = 4; lastKnownFileType = sourcecode.c.objc; path = PYFrameworkController.m; sourceTree = "<group>"; };
		150C6E3E1F48498400731FC7 /* TMController.h */ = {isa = PBXFileReference; fileEncoding = 4; lastKnownFileType = sourcecode.c.h; path = TMController.h; sourceTree = "<group>"; };
		150C6E3F1F48498400731FC7 /* TMController.m */ = {isa = PBXFileReference; fileEncoding = 4; lastKnownFileType = sourcecode.c.objc; path = TMController.m; sourceTree = "<group>"; };
		150C6E451F49135700731FC7 /* PYFwMenuTabController.h */ = {isa = PBXFileReference; fileEncoding = 4; lastKnownFileType = sourcecode.c.h; path = PYFwMenuTabController.h; sourceTree = "<group>"; };
		150C6E461F49135700731FC7 /* PYFwMenuTabController.m */ = {isa = PBXFileReference; fileEncoding = 4; lastKnownFileType = sourcecode.c.objc; path = PYFwMenuTabController.m; sourceTree = "<group>"; };
		150C6E491F4913DC00731FC7 /* PYFwMenuController.h */ = {isa = PBXFileReference; fileEncoding = 4; lastKnownFileType = sourcecode.c.h; path = PYFwMenuController.h; sourceTree = "<group>"; };
		150C6E4A1F4913DC00731FC7 /* PYFwMenuController.m */ = {isa = PBXFileReference; fileEncoding = 4; lastKnownFileType = sourcecode.c.objc; path = PYFwMenuController.m; sourceTree = "<group>"; };
		150C6E6B1F49601700731FC7 /* PYFrameworkParam.h */ = {isa = PBXFileReference; fileEncoding = 4; lastKnownFileType = sourcecode.c.h; path = PYFrameworkParam.h; sourceTree = "<group>"; };
		150C6E6C1F49601700731FC7 /* PYFrameworkParam.m */ = {isa = PBXFileReference; fileEncoding = 4; lastKnownFileType = sourcecode.c.objc; path = PYFrameworkParam.m; sourceTree = "<group>"; };
		150C6E6F1F49929300731FC7 /* bill@2x.png */ = {isa = PBXFileReference; lastKnownFileType = image.png; path = "bill@2x.png"; sourceTree = "<group>"; };
		150C6E701F49929300731FC7 /* bill_pre@2x.png */ = {isa = PBXFileReference; lastKnownFileType = image.png; path = "bill_pre@2x.png"; sourceTree = "<group>"; };
		150C6E711F49929300731FC7 /* me@2x.png */ = {isa = PBXFileReference; lastKnownFileType = image.png; path = "me@2x.png"; sourceTree = "<group>"; };
		150C6E721F49929300731FC7 /* me_pre@2x.png */ = {isa = PBXFileReference; lastKnownFileType = image.png; path = "me_pre@2x.png"; sourceTree = "<group>"; };
		150C6EB41F4A81C000731FC7 /* PYFrameworkUtile.h */ = {isa = PBXFileReference; fileEncoding = 4; lastKnownFileType = sourcecode.c.h; path = PYFrameworkUtile.h; sourceTree = "<group>"; };
		150C6EB51F4A81C000731FC7 /* PYFrameworkUtile.m */ = {isa = PBXFileReference; fileEncoding = 4; lastKnownFileType = sourcecode.c.objc; path = PYFrameworkUtile.m; sourceTree = "<group>"; };
		150C6EC51F4A95AE00731FC7 /* libpyframeworka.a */ = {isa = PBXFileReference; explicitFileType = archive.ar; includeInIndex = 0; path = libpyframeworka.a; sourceTree = BUILT_PRODUCTS_DIR; };
		150C6EC71F4A95AE00731FC7 /* pyframeworka.h */ = {isa = PBXFileReference; lastKnownFileType = sourcecode.c.h; path = pyframeworka.h; sourceTree = "<group>"; };
		151015012174D9D4002C0C11 /* PYFrameworkParamOrientation.h */ = {isa = PBXFileReference; lastKnownFileType = sourcecode.c.h; path = PYFrameworkParamOrientation.h; sourceTree = "<group>"; };
		151015022174D9D4002C0C11 /* PYFrameworkParamOrientation.m */ = {isa = PBXFileReference; lastKnownFileType = sourcecode.c.objc; path = PYFrameworkParamOrientation.m; sourceTree = "<group>"; };
		151015112174DC7C002C0C11 /* UIViewcontrollerHookViewDelegateImp.h */ = {isa = PBXFileReference; lastKnownFileType = sourcecode.c.h; path = UIViewcontrollerHookViewDelegateImp.h; sourceTree = "<group>"; };
		151015122174DC7C002C0C11 /* UIViewcontrollerHookViewDelegateImp.m */ = {isa = PBXFileReference; lastKnownFileType = sourcecode.c.objc; path = UIViewcontrollerHookViewDelegateImp.m; sourceTree = "<group>"; };
		151015142174DD3C002C0C11 /* UIViewcontrollerHookOrientationDelegateImp.h */ = {isa = PBXFileReference; lastKnownFileType = sourcecode.c.h; path = UIViewcontrollerHookOrientationDelegateImp.h; sourceTree = "<group>"; };
		151015152174DD3C002C0C11 /* UIViewcontrollerHookOrientationDelegateImp.m */ = {isa = PBXFileReference; lastKnownFileType = sourcecode.c.objc; path = UIViewcontrollerHookOrientationDelegateImp.m; sourceTree = "<group>"; };
		151015172174DE63002C0C11 /* UIViewController+CurrentInterfaceOrientation.h */ = {isa = PBXFileReference; lastKnownFileType = sourcecode.c.h; path = "UIViewController+CurrentInterfaceOrientation.h"; sourceTree = "<group>"; };
		151015182174DE63002C0C11 /* UIViewController+CurrentInterfaceOrientation.m */ = {isa = PBXFileReference; lastKnownFileType = sourcecode.c.objc; path = "UIViewController+CurrentInterfaceOrientation.m"; sourceTree = "<group>"; };
		1534C47A21724CB800775C07 /* View2Controller.h */ = {isa = PBXFileReference; lastKnownFileType = sourcecode.c.h; path = View2Controller.h; sourceTree = "<group>"; };
		1534C47B21724CB800775C07 /* View2Controller.m */ = {isa = PBXFileReference; lastKnownFileType = sourcecode.c.objc; path = View2Controller.m; sourceTree = "<group>"; };
		155C61762057821600C8A9B4 /* icon.png */ = {isa = PBXFileReference; lastKnownFileType = image.png; path = icon.png; sourceTree = "<group>"; };
		155C6178205782BB00C8A9B4 /* tab_bg.jpg */ = {isa = PBXFileReference; lastKnownFileType = image.jpeg; path = tab_bg.jpg; sourceTree = "<group>"; };
		155C617A2057D37B00C8A9B4 /* PYTestNormalViewController.h */ = {isa = PBXFileReference; lastKnownFileType = sourcecode.c.h; path = PYTestNormalViewController.h; sourceTree = "<group>"; };
		155C617B2057D37B00C8A9B4 /* PYTestNormalViewController.m */ = {isa = PBXFileReference; lastKnownFileType = sourcecode.c.objc; path = PYTestNormalViewController.m; sourceTree = "<group>"; };
		15C376021FC1361D0076EFA6 /* PYFwMenuSlipController.h */ = {isa = PBXFileReference; lastKnownFileType = sourcecode.c.h; path = PYFwMenuSlipController.h; sourceTree = "<group>"; };
		15C376031FC1361D0076EFA6 /* PYFwMenuSlipController.m */ = {isa = PBXFileReference; lastKnownFileType = sourcecode.c.objc; path = PYFwMenuSlipController.m; sourceTree = "<group>"; };
		15EFB42F24ED7988003BEAB0 /* libpyinterflowa.a */ = {isa = PBXFileReference; lastKnownFileType = archive.ar; path = libpyinterflowa.a; sourceTree = "<group>"; };
		15EFB43124ED7988003BEAB0 /* pyinterflowa.h */ = {isa = PBXFileReference; fileEncoding = 4; lastKnownFileType = sourcecode.c.h; path = pyinterflowa.h; sourceTree = "<group>"; };
		15EFB43224ED7988003BEAB0 /* PYInterflowParams.h */ = {isa = PBXFileReference; fileEncoding = 4; lastKnownFileType = sourcecode.c.h; path = PYInterflowParams.h; sourceTree = "<group>"; };
		15EFB43324ED7988003BEAB0 /* PYMoveView.h */ = {isa = PBXFileReference; fileEncoding = 4; lastKnownFileType = sourcecode.c.h; path = PYMoveView.h; sourceTree = "<group>"; };
		15EFB43424ED7988003BEAB0 /* UIView+Dialog.h */ = {isa = PBXFileReference; fileEncoding = 4; lastKnownFileType = sourcecode.c.h; path = "UIView+Dialog.h"; sourceTree = "<group>"; };
		15EFB43524ED7988003BEAB0 /* UIView+Notify.h */ = {isa = PBXFileReference; fileEncoding = 4; lastKnownFileType = sourcecode.c.h; path = "UIView+Notify.h"; sourceTree = "<group>"; };
		15EFB43624ED7988003BEAB0 /* UIView+Popup.h */ = {isa = PBXFileReference; fileEncoding = 4; lastKnownFileType = sourcecode.c.h; path = "UIView+Popup.h"; sourceTree = "<group>"; };
		15EFB43724ED7988003BEAB0 /* UIView+Sheet.h */ = {isa = PBXFileReference; fileEncoding = 4; lastKnownFileType = sourcecode.c.h; path = "UIView+Sheet.h"; sourceTree = "<group>"; };
		15EFB43824ED7988003BEAB0 /* UIView+Toast.h */ = {isa = PBXFileReference; fileEncoding = 4; lastKnownFileType = sourcecode.c.h; path = "UIView+Toast.h"; sourceTree = "<group>"; };
		15EFB43924ED7988003BEAB0 /* PYInterflow.bundle */ = {isa = PBXFileReference; lastKnownFileType = "wrapper.plug-in"; path = PYInterflow.bundle; sourceTree = "<group>"; };
		15EFB43B24ED7988003BEAB0 /* libpyipaa.a */ = {isa = PBXFileReference; lastKnownFileType = archive.ar; path = libpyipaa.a; sourceTree = "<group>"; };
		15EFB43D24ED7988003BEAB0 /* PYConfigManager.h */ = {isa = PBXFileReference; fileEncoding = 4; lastKnownFileType = sourcecode.c.h; path = PYConfigManager.h; sourceTree = "<group>"; };
		15EFB43E24ED7988003BEAB0 /* PYEntityAsist.h */ = {isa = PBXFileReference; fileEncoding = 4; lastKnownFileType = sourcecode.c.h; path = PYEntityAsist.h; sourceTree = "<group>"; };
		15EFB43F24ED7988003BEAB0 /* PYEntityManager.h */ = {isa = PBXFileReference; fileEncoding = 4; lastKnownFileType = sourcecode.c.h; path = PYEntityManager.h; sourceTree = "<group>"; };
		15EFB44024ED7988003BEAB0 /* PYEntitySql.h */ = {isa = PBXFileReference; fileEncoding = 4; lastKnownFileType = sourcecode.c.h; path = PYEntitySql.h; sourceTree = "<group>"; };
		15EFB44124ED7988003BEAB0 /* PYEventManager.h */ = {isa = PBXFileReference; fileEncoding = 4; lastKnownFileType = sourcecode.c.h; path = PYEventManager.h; sourceTree = "<group>"; };
		15EFB44224ED7988003BEAB0 /* pyipaa.h */ = {isa = PBXFileReference; fileEncoding = 4; lastKnownFileType = sourcecode.c.h; path = pyipaa.h; sourceTree = "<group>"; };
		15EFB44424ED7988003BEAB0 /* libpykita.a */ = {isa = PBXFileReference; lastKnownFileType = archive.ar; path = libpykita.a; sourceTree = "<group>"; };
		15EFB44624ED7988003BEAB0 /* NSDate+Lunar.h */ = {isa = PBXFileReference; fileEncoding = 4; lastKnownFileType = sourcecode.c.h; path = "NSDate+Lunar.h"; sourceTree = "<group>"; };
		15EFB44724ED7988003BEAB0 /* PYAsyImageView.h */ = {isa = PBXFileReference; fileEncoding = 4; lastKnownFileType = sourcecode.c.h; path = PYAsyImageView.h; sourceTree = "<group>"; };
		15EFB44824ED7988003BEAB0 /* PYAudio.h */ = {isa = PBXFileReference; fileEncoding = 4; lastKnownFileType = sourcecode.c.h; path = PYAudio.h; sourceTree = "<group>"; };
		15EFB44924ED7988003BEAB0 /* PYAudioPlayer.h */ = {isa = PBXFileReference; fileEncoding = 4; lastKnownFileType = sourcecode.c.h; path = PYAudioPlayer.h; sourceTree = "<group>"; };
		15EFB44A24ED7988003BEAB0 /* PYAudioRecord.h */ = {isa = PBXFileReference; fileEncoding = 4; lastKnownFileType = sourcecode.c.h; path = PYAudioRecord.h; sourceTree = "<group>"; };
		15EFB44B24ED7988003BEAB0 /* PYAudioTools.h */ = {isa = PBXFileReference; fileEncoding = 4; lastKnownFileType = sourcecode.c.h; path = PYAudioTools.h; sourceTree = "<group>"; };
		15EFB44C24ED7988003BEAB0 /* PYCalendarHeadView.h */ = {isa = PBXFileReference; fileEncoding = 4; lastKnownFileType = sourcecode.c.h; path = PYCalendarHeadView.h; sourceTree = "<group>"; };
		15EFB44D24ED7988003BEAB0 /* PYCalendarParam.h */ = {isa = PBXFileReference; fileEncoding = 4; lastKnownFileType = sourcecode.c.h; path = PYCalendarParam.h; sourceTree = "<group>"; };
		15EFB44E24ED7988003BEAB0 /* PYCalendarTimeView.h */ = {isa = PBXFileReference; fileEncoding = 4; lastKnownFileType = sourcecode.c.h; path = PYCalendarTimeView.h; sourceTree = "<group>"; };
		15EFB44F24ED7988003BEAB0 /* PYCalendarView.h */ = {isa = PBXFileReference; fileEncoding = 4; lastKnownFileType = sourcecode.c.h; path = PYCalendarView.h; sourceTree = "<group>"; };
		15EFB45024ED7988003BEAB0 /* PYCalenderDrawView.h */ = {isa = PBXFileReference; fileEncoding = 4; lastKnownFileType = sourcecode.c.h; path = PYCalenderDrawView.h; sourceTree = "<group>"; };
		15EFB45124ED7988003BEAB0 /* PYCameraPickerController.h */ = {isa = PBXFileReference; fileEncoding = 4; lastKnownFileType = sourcecode.c.h; path = PYCameraPickerController.h; sourceTree = "<group>"; };
		15EFB45224ED7988003BEAB0 /* PYDisplayImageView.h */ = {isa = PBXFileReference; fileEncoding = 4; lastKnownFileType = sourcecode.c.h; path = PYDisplayImageView.h; sourceTree = "<group>"; };
		15EFB45324ED7988003BEAB0 /* PYHybirdUtile.h */ = {isa = PBXFileReference; fileEncoding = 4; lastKnownFileType = sourcecode.c.h; path = PYHybirdUtile.h; sourceTree = "<group>"; };
		15EFB45424ED7988003BEAB0 /* PYImagePickerController.h */ = {isa = PBXFileReference; fileEncoding = 4; lastKnownFileType = sourcecode.c.h; path = PYImagePickerController.h; sourceTree = "<group>"; };
		15EFB45524ED7989003BEAB0 /* PYKeyboardControll.h */ = {isa = PBXFileReference; fileEncoding = 4; lastKnownFileType = sourcecode.c.h; path = PYKeyboardControll.h; sourceTree = "<group>"; };
		15EFB45624ED7989003BEAB0 /* pykita.h */ = {isa = PBXFileReference; fileEncoding = 4; lastKnownFileType = sourcecode.c.h; path = pykita.h; sourceTree = "<group>"; };
		15EFB45724ED7989003BEAB0 /* PYMapView+Annotaions.h */ = {isa = PBXFileReference; fileEncoding = 4; lastKnownFileType = sourcecode.c.h; path = "PYMapView+Annotaions.h"; sourceTree = "<group>"; };
		15EFB45824ED7989003BEAB0 /* PYMapView+Region.h */ = {isa = PBXFileReference; fileEncoding = 4; lastKnownFileType = sourcecode.c.h; path = "PYMapView+Region.h"; sourceTree = "<group>"; };
		15EFB45924ED7989003BEAB0 /* PYMapView+UserLocation.h */ = {isa = PBXFileReference; fileEncoding = 4; lastKnownFileType = sourcecode.c.h; path = "PYMapView+UserLocation.h"; sourceTree = "<group>"; };
		15EFB45A24ED7989003BEAB0 /* PYMapView.h */ = {isa = PBXFileReference; fileEncoding = 4; lastKnownFileType = sourcecode.c.h; path = PYMapView.h; sourceTree = "<group>"; };
		15EFB45B24ED7989003BEAB0 /* PYNavigationControll.h */ = {isa = PBXFileReference; fileEncoding = 4; lastKnownFileType = sourcecode.c.h; path = PYNavigationControll.h; sourceTree = "<group>"; };
		15EFB45C24ED7989003BEAB0 /* PYNavigationStyleModel.h */ = {isa = PBXFileReference; fileEncoding = 4; lastKnownFileType = sourcecode.c.h; path = PYNavigationStyleModel.h; sourceTree = "<group>"; };
		15EFB45D24ED7989003BEAB0 /* PYSelectorBarView.h */ = {isa = PBXFileReference; fileEncoding = 4; lastKnownFileType = sourcecode.c.h; path = PYSelectorBarView.h; sourceTree = "<group>"; };
		15EFB45E24ED7989003BEAB0 /* PYSelectorScrollView.h */ = {isa = PBXFileReference; fileEncoding = 4; lastKnownFileType = sourcecode.c.h; path = PYSelectorScrollView.h; sourceTree = "<group>"; };
		15EFB45F24ED7989003BEAB0 /* PYSliderDoubleView.h */ = {isa = PBXFileReference; fileEncoding = 4; lastKnownFileType = sourcecode.c.h; path = PYSliderDoubleView.h; sourceTree = "<group>"; };
		15EFB46024ED7989003BEAB0 /* PYSliderParams.h */ = {isa = PBXFileReference; fileEncoding = 4; lastKnownFileType = sourcecode.c.h; path = PYSliderParams.h; sourceTree = "<group>"; };
		15EFB46124ED7989003BEAB0 /* PYSliderSingleView.h */ = {isa = PBXFileReference; fileEncoding = 4; lastKnownFileType = sourcecode.c.h; path = PYSliderSingleView.h; sourceTree = "<group>"; };
		15EFB46224ED7989003BEAB0 /* PYWebView.h */ = {isa = PBXFileReference; fileEncoding = 4; lastKnownFileType = sourcecode.c.h; path = PYWebView.h; sourceTree = "<group>"; };
		15EFB46324ED7989003BEAB0 /* UITextField+PYCheck.h */ = {isa = PBXFileReference; fileEncoding = 4; lastKnownFileType = sourcecode.c.h; path = "UITextField+PYCheck.h"; sourceTree = "<group>"; };
		15EFB46424ED7989003BEAB0 /* PYKit.bundle */ = {isa = PBXFileReference; lastKnownFileType = "wrapper.plug-in"; path = PYKit.bundle; sourceTree = "<group>"; };
		15EFB46624ED7989003BEAB0 /* libpynetworka.a */ = {isa = PBXFileReference; lastKnownFileType = archive.ar; path = libpynetworka.a; sourceTree = "<group>"; };
		15EFB46824ED7989003BEAB0 /* PYNetDownload.h */ = {isa = PBXFileReference; fileEncoding = 4; lastKnownFileType = sourcecode.c.h; path = PYNetDownload.h; sourceTree = "<group>"; };
		15EFB46924ED7989003BEAB0 /* PYNetNormal.h */ = {isa = PBXFileReference; fileEncoding = 4; lastKnownFileType = sourcecode.c.h; path = PYNetNormal.h; sourceTree = "<group>"; };
		15EFB46A24ED7989003BEAB0 /* PYNetUpload.h */ = {isa = PBXFileReference; fileEncoding = 4; lastKnownFileType = sourcecode.c.h; path = PYNetUpload.h; sourceTree = "<group>"; };
		15EFB46B24ED7989003BEAB0 /* PYNetwork.h */ = {isa = PBXFileReference; fileEncoding = 4; lastKnownFileType = sourcecode.c.h; path = PYNetwork.h; sourceTree = "<group>"; };
		15EFB46C24ED7989003BEAB0 /* pynetworka.h */ = {isa = PBXFileReference; fileEncoding = 4; lastKnownFileType = sourcecode.c.h; path = pynetworka.h; sourceTree = "<group>"; };
		15EFB46D24ED7989003BEAB0 /* PYNetworkReachabilityManager.h */ = {isa = PBXFileReference; fileEncoding = 4; lastKnownFileType = sourcecode.c.h; path = PYNetworkReachabilityManager.h; sourceTree = "<group>"; };
		15EFB46F24ED7989003BEAB0 /* libpyutilea.a */ = {isa = PBXFileReference; lastKnownFileType = archive.ar; path = libpyutilea.a; sourceTree = "<group>"; };
		15EFB47124ED7989003BEAB0 /* EXTScope.h */ = {isa = PBXFileReference; fileEncoding = 4; lastKnownFileType = sourcecode.c.h; path = EXTScope.h; sourceTree = "<group>"; };
		15EFB47224ED7989003BEAB0 /* metamacros.h */ = {isa = PBXFileReference; fileEncoding = 4; lastKnownFileType = sourcecode.c.h; path = metamacros.h; sourceTree = "<group>"; };
		15EFB47324ED7989003BEAB0 /* NSArray+PYExpand.h */ = {isa = PBXFileReference; fileEncoding = 4; lastKnownFileType = sourcecode.c.h; path = "NSArray+PYExpand.h"; sourceTree = "<group>"; };
		15EFB47424ED7989003BEAB0 /* NSData+PYExpand.h */ = {isa = PBXFileReference; fileEncoding = 4; lastKnownFileType = sourcecode.c.h; path = "NSData+PYExpand.h"; sourceTree = "<group>"; };
		15EFB47524ED7989003BEAB0 /* NSDate+PYExpand.h */ = {isa = PBXFileReference; fileEncoding = 4; lastKnownFileType = sourcecode.c.h; path = "NSDate+PYExpand.h"; sourceTree = "<group>"; };
		15EFB47624ED7989003BEAB0 /* NSDictionary+PYExpand.h */ = {isa = PBXFileReference; fileEncoding = 4; lastKnownFileType = sourcecode.c.h; path = "NSDictionary+PYExpand.h"; sourceTree = "<group>"; };
		15EFB47724ED7989003BEAB0 /* NSNumber+PYExpand.h */ = {isa = PBXFileReference; fileEncoding = 4; lastKnownFileType = sourcecode.c.h; path = "NSNumber+PYExpand.h"; sourceTree = "<group>"; };
		15EFB47824ED7989003BEAB0 /* NSObject+Hook.h */ = {isa = PBXFileReference; fileEncoding = 4; lastKnownFileType = sourcecode.c.h; path = "NSObject+Hook.h"; sourceTree = "<group>"; };
		15EFB47924ED7989003BEAB0 /* NSObject+PYExpand.h */ = {isa = PBXFileReference; fileEncoding = 4; lastKnownFileType = sourcecode.c.h; path = "NSObject+PYExpand.h"; sourceTree = "<group>"; };
		15EFB47A24ED7989003BEAB0 /* NSString+PYExpand.h */ = {isa = PBXFileReference; fileEncoding = 4; lastKnownFileType = sourcecode.c.h; path = "NSString+PYExpand.h"; sourceTree = "<group>"; };
		15EFB47B24ED7989003BEAB0 /* PYAutolayoutUtilites.h */ = {isa = PBXFileReference; fileEncoding = 4; lastKnownFileType = sourcecode.c.h; path = PYAutolayoutUtilites.h; sourceTree = "<group>"; };
		15EFB47C24ED7989003BEAB0 /* PYConstraintMaker.h */ = {isa = PBXFileReference; fileEncoding = 4; lastKnownFileType = sourcecode.c.h; path = PYConstraintMaker.h; sourceTree = "<group>"; };
		15EFB47D24ED7989003BEAB0 /* PYGraphicsDraw.h */ = {isa = PBXFileReference; fileEncoding = 4; lastKnownFileType = sourcecode.c.h; path = PYGraphicsDraw.h; sourceTree = "<group>"; };
		15EFB47E24ED7989003BEAB0 /* PYGraphicsThumb.h */ = {isa = PBXFileReference; fileEncoding = 4; lastKnownFileType = sourcecode.c.h; path = PYGraphicsThumb.h; sourceTree = "<group>"; };
		15EFB47F24ED7989003BEAB0 /* PYHook.h */ = {isa = PBXFileReference; fileEncoding = 4; lastKnownFileType = sourcecode.c.h; path = PYHook.h; sourceTree = "<group>"; };
		15EFB48024ED7989003BEAB0 /* PYInvoke.h */ = {isa = PBXFileReference; fileEncoding = 4; lastKnownFileType = sourcecode.c.h; path = PYInvoke.h; sourceTree = "<group>"; };
		15EFB48124ED7989003BEAB0 /* PYKeyboardNotification.h */ = {isa = PBXFileReference; fileEncoding = 4; lastKnownFileType = sourcecode.c.h; path = PYKeyboardNotification.h; sourceTree = "<group>"; };
		15EFB48224ED7989003BEAB0 /* PYKeychain.h */ = {isa = PBXFileReference; fileEncoding = 4; lastKnownFileType = sourcecode.c.h; path = PYKeychain.h; sourceTree = "<group>"; };
		15EFB48324ED7989003BEAB0 /* PYMotionNotification.h */ = {isa = PBXFileReference; fileEncoding = 4; lastKnownFileType = sourcecode.c.h; path = PYMotionNotification.h; sourceTree = "<group>"; };
		15EFB48424ED7989003BEAB0 /* PYOrientationNotification.h */ = {isa = PBXFileReference; fileEncoding = 4; lastKnownFileType = sourcecode.c.h; path = PYOrientationNotification.h; sourceTree = "<group>"; };
		15EFB48524ED7989003BEAB0 /* PYUncaughtExceptionHandler.h */ = {isa = PBXFileReference; fileEncoding = 4; lastKnownFileType = sourcecode.c.h; path = PYUncaughtExceptionHandler.h; sourceTree = "<group>"; };
		15EFB48624ED7989003BEAB0 /* PYUtile.h */ = {isa = PBXFileReference; fileEncoding = 4; lastKnownFileType = sourcecode.c.h; path = PYUtile.h; sourceTree = "<group>"; };
		15EFB48724ED7989003BEAB0 /* pyutilea.h */ = {isa = PBXFileReference; fileEncoding = 4; lastKnownFileType = sourcecode.c.h; path = pyutilea.h; sourceTree = "<group>"; };
		15EFB48824ED7989003BEAB0 /* PYUtileMacro.h */ = {isa = PBXFileReference; fileEncoding = 4; lastKnownFileType = sourcecode.c.h; path = PYUtileMacro.h; sourceTree = "<group>"; };
		15EFB48924ED7989003BEAB0 /* PYViewAutolayoutCenter.h */ = {isa = PBXFileReference; fileEncoding = 4; lastKnownFileType = sourcecode.c.h; path = PYViewAutolayoutCenter.h; sourceTree = "<group>"; };
		15EFB48A24ED7989003BEAB0 /* PYXml.h */ = {isa = PBXFileReference; fileEncoding = 4; lastKnownFileType = sourcecode.c.h; path = PYXml.h; sourceTree = "<group>"; };
		15EFB48B24ED7989003BEAB0 /* UIButton+PYExpand.h */ = {isa = PBXFileReference; fileEncoding = 4; lastKnownFileType = sourcecode.c.h; path = "UIButton+PYExpand.h"; sourceTree = "<group>"; };
		15EFB48C24ED7989003BEAB0 /* UIColor+PYExpand.h */ = {isa = PBXFileReference; fileEncoding = 4; lastKnownFileType = sourcecode.c.h; path = "UIColor+PYExpand.h"; sourceTree = "<group>"; };
		15EFB48D24ED7989003BEAB0 /* UIImage+PYExpand.h */ = {isa = PBXFileReference; fileEncoding = 4; lastKnownFileType = sourcecode.c.h; path = "UIImage+PYExpand.h"; sourceTree = "<group>"; };
		15EFB48E24ED7989003BEAB0 /* UILable+PYExpand.h */ = {isa = PBXFileReference; fileEncoding = 4; lastKnownFileType = sourcecode.c.h; path = "UILable+PYExpand.h"; sourceTree = "<group>"; };
		15EFB48F24ED7989003BEAB0 /* UIResponder+Hook.h */ = {isa = PBXFileReference; fileEncoding = 4; lastKnownFileType = sourcecode.c.h; path = "UIResponder+Hook.h"; sourceTree = "<group>"; };
		15EFB49024ED7989003BEAB0 /* UIView+Hook.h */ = {isa = PBXFileReference; fileEncoding = 4; lastKnownFileType = sourcecode.c.h; path = "UIView+Hook.h"; sourceTree = "<group>"; };
		15EFB49124ED7989003BEAB0 /* UIView+PYAutolayout.h */ = {isa = PBXFileReference; fileEncoding = 4; lastKnownFileType = sourcecode.c.h; path = "UIView+PYAutolayout.h"; sourceTree = "<group>"; };
		15EFB49224ED7989003BEAB0 /* UIView+PYExpand.h */ = {isa = PBXFileReference; fileEncoding = 4; lastKnownFileType = sourcecode.c.h; path = "UIView+PYExpand.h"; sourceTree = "<group>"; };
		15EFB49324ED7989003BEAB0 /* UIViewController+Hook.h */ = {isa = PBXFileReference; fileEncoding = 4; lastKnownFileType = sourcecode.c.h; path = "UIViewController+Hook.h"; sourceTree = "<group>"; };
		15EFB49424ED7989003BEAB0 /* UIViewController+HookOrientation.h */ = {isa = PBXFileReference; fileEncoding = 4; lastKnownFileType = sourcecode.c.h; path = "UIViewController+HookOrientation.h"; sourceTree = "<group>"; };
		15EFB49524ED7989003BEAB0 /* UIViewController+HookView.h */ = {isa = PBXFileReference; fileEncoding = 4; lastKnownFileType = sourcecode.c.h; path = "UIViewController+HookView.h"; sourceTree = "<group>"; };
/* End PBXFileReference section */

/* Begin PBXFrameworksBuildPhase section */
		150C6DC31F47E68600731FC7 /* Frameworks */ = {
			isa = PBXFrameworksBuildPhase;
			buildActionMask = 2147483647;
			files = (
				15EFB49624ED798A003BEAB0 /* libpyinterflowa.a in Frameworks */,
				15EFB49C24ED798A003BEAB0 /* libpyutilea.a in Frameworks */,
				15EFB49B24ED798A003BEAB0 /* libpynetworka.a in Frameworks */,
				15EFB49924ED798A003BEAB0 /* libpykita.a in Frameworks */,
				15EFB49824ED798A003BEAB0 /* libpyipaa.a in Frameworks */,
			);
			runOnlyForDeploymentPostprocessing = 0;
		};
		150C6DDC1F47E68600731FC7 /* Frameworks */ = {
			isa = PBXFrameworksBuildPhase;
			buildActionMask = 2147483647;
			files = (
			);
			runOnlyForDeploymentPostprocessing = 0;
		};
		150C6DE71F47E68700731FC7 /* Frameworks */ = {
			isa = PBXFrameworksBuildPhase;
			buildActionMask = 2147483647;
			files = (
			);
			runOnlyForDeploymentPostprocessing = 0;
		};
		150C6EC21F4A95AE00731FC7 /* Frameworks */ = {
			isa = PBXFrameworksBuildPhase;
			buildActionMask = 2147483647;
			files = (
			);
			runOnlyForDeploymentPostprocessing = 0;
		};
/* End PBXFrameworksBuildPhase section */

/* Begin PBXGroup section */
		150C6DBD1F47E68600731FC7 = {
			isa = PBXGroup;
			children = (
				15EFB42D24ED7988003BEAB0 /* Lib */,
				150C6DC81F47E68600731FC7 /* PYFramework */,
				150C6DE21F47E68700731FC7 /* PYFrameworkTests */,
				150C6DED1F47E68700731FC7 /* PYFrameworkUITests */,
				150C6EC61F4A95AE00731FC7 /* pyframeworka */,
				150C6DC71F47E68600731FC7 /* Products */,
				150D2763221E4E7000F8185E /* Frameworks */,
			);
			sourceTree = "<group>";
		};
		150C6DC71F47E68600731FC7 /* Products */ = {
			isa = PBXGroup;
			children = (
				150C6DC61F47E68600731FC7 /* PYFramework.app */,
				150C6DDF1F47E68600731FC7 /* PYFrameworkTests.xctest */,
				150C6DEA1F47E68700731FC7 /* PYFrameworkUITests.xctest */,
				150C6EC51F4A95AE00731FC7 /* libpyframeworka.a */,
			);
			name = Products;
			sourceTree = "<group>";
		};
		150C6DC81F47E68600731FC7 /* PYFramework */ = {
			isa = PBXGroup;
			children = (
				155C617D2057D39400C8A9B4 /* Test */,
				150C6E6E1F49929300731FC7 /* Img */,
				150C6E481F4913C400731FC7 /* Private */,
				150C6E2B1F47E70800731FC7 /* Public */,
				150C6DCC1F47E68600731FC7 /* AppDelegate.h */,
				150C6DCD1F47E68600731FC7 /* AppDelegate.m */,
				150C6DCF1F47E68600731FC7 /* ViewController.h */,
				150C6DD01F47E68600731FC7 /* ViewController.m */,
				1534C47A21724CB800775C07 /* View2Controller.h */,
				1534C47B21724CB800775C07 /* View2Controller.m */,
				150C6E3E1F48498400731FC7 /* TMController.h */,
				150C6E3F1F48498400731FC7 /* TMController.m */,
				150C6DD21F47E68600731FC7 /* Main.storyboard */,
				150C6DD51F47E68600731FC7 /* Assets.xcassets */,
				150C6DD71F47E68600731FC7 /* LaunchScreen.storyboard */,
				150C6DDA1F47E68600731FC7 /* Info.plist */,
				150C6DC91F47E68600731FC7 /* Supporting Files */,
			);
			path = PYFramework;
			sourceTree = "<group>";
		};
		150C6DC91F47E68600731FC7 /* Supporting Files */ = {
			isa = PBXGroup;
			children = (
				150C6DCA1F47E68600731FC7 /* main.m */,
			);
			name = "Supporting Files";
			sourceTree = "<group>";
		};
		150C6DE21F47E68700731FC7 /* PYFrameworkTests */ = {
			isa = PBXGroup;
			children = (
				150C6DE31F47E68700731FC7 /* PYFrameworkTests.m */,
				150C6DE51F47E68700731FC7 /* Info.plist */,
			);
			path = PYFrameworkTests;
			sourceTree = "<group>";
		};
		150C6DED1F47E68700731FC7 /* PYFrameworkUITests */ = {
			isa = PBXGroup;
			children = (
				150C6DEE1F47E68700731FC7 /* PYFrameworkUITests.m */,
				150C6DF01F47E68700731FC7 /* Info.plist */,
			);
			path = PYFrameworkUITests;
			sourceTree = "<group>";
		};
		150C6E2B1F47E70800731FC7 /* Public */ = {
			isa = PBXGroup;
			children = (
				151015002174D9B4002C0C11 /* Param */,
				150C6E321F47EB2400731FC7 /* PYFrameworkController.h */,
				150C6E331F47EB2400731FC7 /* PYFrameworkController.m */,
				150C6E6B1F49601700731FC7 /* PYFrameworkParam.h */,
				150C6E6C1F49601700731FC7 /* PYFrameworkParam.m */,
				150C6EB41F4A81C000731FC7 /* PYFrameworkUtile.h */,
				150C6EB51F4A81C000731FC7 /* PYFrameworkUtile.m */,
				150C6E451F49135700731FC7 /* PYFwMenuTabController.h */,
				150C6E461F49135700731FC7 /* PYFwMenuTabController.m */,
				15C376021FC1361D0076EFA6 /* PYFwMenuSlipController.h */,
				15C376031FC1361D0076EFA6 /* PYFwMenuSlipController.m */,
			);
			path = Public;
			sourceTree = "<group>";
		};
		150C6E481F4913C400731FC7 /* Private */ = {
			isa = PBXGroup;
			children = (
				1510150A2174DB70002C0C11 /* Delegate */,
				150C6E491F4913DC00731FC7 /* PYFwMenuController.h */,
				150C6E4A1F4913DC00731FC7 /* PYFwMenuController.m */,
				151015172174DE63002C0C11 /* UIViewController+CurrentInterfaceOrientation.h */,
				151015182174DE63002C0C11 /* UIViewController+CurrentInterfaceOrientation.m */,
			);
			path = Private;
			sourceTree = "<group>";
		};
		150C6E6E1F49929300731FC7 /* Img */ = {
			isa = PBXGroup;
			children = (
				155C6178205782BB00C8A9B4 /* tab_bg.jpg */,
				155C61762057821600C8A9B4 /* icon.png */,
				150C6E6F1F49929300731FC7 /* bill@2x.png */,
				150C6E701F49929300731FC7 /* bill_pre@2x.png */,
				150C6E711F49929300731FC7 /* me@2x.png */,
				150C6E721F49929300731FC7 /* me_pre@2x.png */,
			);
			path = Img;
			sourceTree = "<group>";
		};
		150C6EC61F4A95AE00731FC7 /* pyframeworka */ = {
			isa = PBXGroup;
			children = (
				150C6EC71F4A95AE00731FC7 /* pyframeworka.h */,
			);
			path = pyframeworka;
			sourceTree = "<group>";
		};
		150D2763221E4E7000F8185E /* Frameworks */ = {
			isa = PBXGroup;
			children = (
			);
			name = Frameworks;
			sourceTree = "<group>";
		};
		151015002174D9B4002C0C11 /* Param */ = {
			isa = PBXGroup;
			children = (
				151015012174D9D4002C0C11 /* PYFrameworkParamOrientation.h */,
				151015022174D9D4002C0C11 /* PYFrameworkParamOrientation.m */,
			);
			path = Param;
			sourceTree = "<group>";
		};
		1510150A2174DB70002C0C11 /* Delegate */ = {
			isa = PBXGroup;
			children = (
				151015112174DC7C002C0C11 /* UIViewcontrollerHookViewDelegateImp.h */,
				151015122174DC7C002C0C11 /* UIViewcontrollerHookViewDelegateImp.m */,
				151015142174DD3C002C0C11 /* UIViewcontrollerHookOrientationDelegateImp.h */,
				151015152174DD3C002C0C11 /* UIViewcontrollerHookOrientationDelegateImp.m */,
			);
			path = Delegate;
			sourceTree = "<group>";
		};
		155C617D2057D39400C8A9B4 /* Test */ = {
			isa = PBXGroup;
			children = (
				155C617A2057D37B00C8A9B4 /* PYTestNormalViewController.h */,
				155C617B2057D37B00C8A9B4 /* PYTestNormalViewController.m */,
			);
			path = Test;
			sourceTree = "<group>";
		};
		15EFB42D24ED7988003BEAB0 /* Lib */ = {
			isa = PBXGroup;
			children = (
				15EFB42E24ED7988003BEAB0 /* pyinterflow */,
				15EFB43924ED7988003BEAB0 /* PYInterflow.bundle */,
				15EFB43A24ED7988003BEAB0 /* pyipa */,
				15EFB44324ED7988003BEAB0 /* pykit */,
				15EFB46424ED7989003BEAB0 /* PYKit.bundle */,
				15EFB46524ED7989003BEAB0 /* pynetwork */,
				15EFB46E24ED7989003BEAB0 /* pyutile */,
			);
			path = Lib;
			sourceTree = "<group>";
		};
		15EFB42E24ED7988003BEAB0 /* pyinterflow */ = {
			isa = PBXGroup;
			children = (
				15EFB42F24ED7988003BEAB0 /* libpyinterflowa.a */,
				15EFB43024ED7988003BEAB0 /* pyinterflowa */,
			);
			path = pyinterflow;
			sourceTree = "<group>";
		};
		15EFB43024ED7988003BEAB0 /* pyinterflowa */ = {
			isa = PBXGroup;
			children = (
				15EFB43124ED7988003BEAB0 /* pyinterflowa.h */,
				15EFB43224ED7988003BEAB0 /* PYInterflowParams.h */,
				15EFB43324ED7988003BEAB0 /* PYMoveView.h */,
				15EFB43424ED7988003BEAB0 /* UIView+Dialog.h */,
				15EFB43524ED7988003BEAB0 /* UIView+Notify.h */,
				15EFB43624ED7988003BEAB0 /* UIView+Popup.h */,
				15EFB43724ED7988003BEAB0 /* UIView+Sheet.h */,
				15EFB43824ED7988003BEAB0 /* UIView+Toast.h */,
			);
			path = pyinterflowa;
			sourceTree = "<group>";
		};
		15EFB43A24ED7988003BEAB0 /* pyipa */ = {
			isa = PBXGroup;
			children = (
				15EFB43B24ED7988003BEAB0 /* libpyipaa.a */,
				15EFB43C24ED7988003BEAB0 /* pyipaa */,
			);
			path = pyipa;
			sourceTree = "<group>";
		};
		15EFB43C24ED7988003BEAB0 /* pyipaa */ = {
			isa = PBXGroup;
			children = (
				15EFB43D24ED7988003BEAB0 /* PYConfigManager.h */,
				15EFB43E24ED7988003BEAB0 /* PYEntityAsist.h */,
				15EFB43F24ED7988003BEAB0 /* PYEntityManager.h */,
				15EFB44024ED7988003BEAB0 /* PYEntitySql.h */,
				15EFB44124ED7988003BEAB0 /* PYEventManager.h */,
				15EFB44224ED7988003BEAB0 /* pyipaa.h */,
			);
			path = pyipaa;
			sourceTree = "<group>";
		};
		15EFB44324ED7988003BEAB0 /* pykit */ = {
			isa = PBXGroup;
			children = (
				15EFB44424ED7988003BEAB0 /* libpykita.a */,
				15EFB44524ED7988003BEAB0 /* pykita */,
			);
			path = pykit;
			sourceTree = "<group>";
		};
		15EFB44524ED7988003BEAB0 /* pykita */ = {
			isa = PBXGroup;
			children = (
				15EFB44624ED7988003BEAB0 /* NSDate+Lunar.h */,
				15EFB44724ED7988003BEAB0 /* PYAsyImageView.h */,
				15EFB44824ED7988003BEAB0 /* PYAudio.h */,
				15EFB44924ED7988003BEAB0 /* PYAudioPlayer.h */,
				15EFB44A24ED7988003BEAB0 /* PYAudioRecord.h */,
				15EFB44B24ED7988003BEAB0 /* PYAudioTools.h */,
				15EFB44C24ED7988003BEAB0 /* PYCalendarHeadView.h */,
				15EFB44D24ED7988003BEAB0 /* PYCalendarParam.h */,
				15EFB44E24ED7988003BEAB0 /* PYCalendarTimeView.h */,
				15EFB44F24ED7988003BEAB0 /* PYCalendarView.h */,
				15EFB45024ED7988003BEAB0 /* PYCalenderDrawView.h */,
				15EFB45124ED7988003BEAB0 /* PYCameraPickerController.h */,
				15EFB45224ED7988003BEAB0 /* PYDisplayImageView.h */,
				15EFB45324ED7988003BEAB0 /* PYHybirdUtile.h */,
				15EFB45424ED7988003BEAB0 /* PYImagePickerController.h */,
				15EFB45524ED7989003BEAB0 /* PYKeyboardControll.h */,
				15EFB45624ED7989003BEAB0 /* pykita.h */,
				15EFB45724ED7989003BEAB0 /* PYMapView+Annotaions.h */,
				15EFB45824ED7989003BEAB0 /* PYMapView+Region.h */,
				15EFB45924ED7989003BEAB0 /* PYMapView+UserLocation.h */,
				15EFB45A24ED7989003BEAB0 /* PYMapView.h */,
				15EFB45B24ED7989003BEAB0 /* PYNavigationControll.h */,
				15EFB45C24ED7989003BEAB0 /* PYNavigationStyleModel.h */,
				15EFB45D24ED7989003BEAB0 /* PYSelectorBarView.h */,
				15EFB45E24ED7989003BEAB0 /* PYSelectorScrollView.h */,
				15EFB45F24ED7989003BEAB0 /* PYSliderDoubleView.h */,
				15EFB46024ED7989003BEAB0 /* PYSliderParams.h */,
				15EFB46124ED7989003BEAB0 /* PYSliderSingleView.h */,
				15EFB46224ED7989003BEAB0 /* PYWebView.h */,
				15EFB46324ED7989003BEAB0 /* UITextField+PYCheck.h */,
			);
			path = pykita;
			sourceTree = "<group>";
		};
		15EFB46524ED7989003BEAB0 /* pynetwork */ = {
			isa = PBXGroup;
			children = (
				15EFB46624ED7989003BEAB0 /* libpynetworka.a */,
				15EFB46724ED7989003BEAB0 /* pynetworka */,
			);
			path = pynetwork;
			sourceTree = "<group>";
		};
		15EFB46724ED7989003BEAB0 /* pynetworka */ = {
			isa = PBXGroup;
			children = (
				15EFB46824ED7989003BEAB0 /* PYNetDownload.h */,
				15EFB46924ED7989003BEAB0 /* PYNetNormal.h */,
				15EFB46A24ED7989003BEAB0 /* PYNetUpload.h */,
				15EFB46B24ED7989003BEAB0 /* PYNetwork.h */,
				15EFB46C24ED7989003BEAB0 /* pynetworka.h */,
				15EFB46D24ED7989003BEAB0 /* PYNetworkReachabilityManager.h */,
			);
			path = pynetworka;
			sourceTree = "<group>";
		};
		15EFB46E24ED7989003BEAB0 /* pyutile */ = {
			isa = PBXGroup;
			children = (
				15EFB46F24ED7989003BEAB0 /* libpyutilea.a */,
				15EFB47024ED7989003BEAB0 /* pyutilea */,
			);
			path = pyutile;
			sourceTree = "<group>";
		};
		15EFB47024ED7989003BEAB0 /* pyutilea */ = {
			isa = PBXGroup;
			children = (
				15EFB47124ED7989003BEAB0 /* EXTScope.h */,
				15EFB47224ED7989003BEAB0 /* metamacros.h */,
				15EFB47324ED7989003BEAB0 /* NSArray+PYExpand.h */,
				15EFB47424ED7989003BEAB0 /* NSData+PYExpand.h */,
				15EFB47524ED7989003BEAB0 /* NSDate+PYExpand.h */,
				15EFB47624ED7989003BEAB0 /* NSDictionary+PYExpand.h */,
				15EFB47724ED7989003BEAB0 /* NSNumber+PYExpand.h */,
				15EFB47824ED7989003BEAB0 /* NSObject+Hook.h */,
				15EFB47924ED7989003BEAB0 /* NSObject+PYExpand.h */,
				15EFB47A24ED7989003BEAB0 /* NSString+PYExpand.h */,
				15EFB47B24ED7989003BEAB0 /* PYAutolayoutUtilites.h */,
				15EFB47C24ED7989003BEAB0 /* PYConstraintMaker.h */,
				15EFB47D24ED7989003BEAB0 /* PYGraphicsDraw.h */,
				15EFB47E24ED7989003BEAB0 /* PYGraphicsThumb.h */,
				15EFB47F24ED7989003BEAB0 /* PYHook.h */,
				15EFB48024ED7989003BEAB0 /* PYInvoke.h */,
				15EFB48124ED7989003BEAB0 /* PYKeyboardNotification.h */,
				15EFB48224ED7989003BEAB0 /* PYKeychain.h */,
				15EFB48324ED7989003BEAB0 /* PYMotionNotification.h */,
				15EFB48424ED7989003BEAB0 /* PYOrientationNotification.h */,
				15EFB48524ED7989003BEAB0 /* PYUncaughtExceptionHandler.h */,
				15EFB48624ED7989003BEAB0 /* PYUtile.h */,
				15EFB48724ED7989003BEAB0 /* pyutilea.h */,
				15EFB48824ED7989003BEAB0 /* PYUtileMacro.h */,
				15EFB48924ED7989003BEAB0 /* PYViewAutolayoutCenter.h */,
				15EFB48A24ED7989003BEAB0 /* PYXml.h */,
				15EFB48B24ED7989003BEAB0 /* UIButton+PYExpand.h */,
				15EFB48C24ED7989003BEAB0 /* UIColor+PYExpand.h */,
				15EFB48D24ED7989003BEAB0 /* UIImage+PYExpand.h */,
				15EFB48E24ED7989003BEAB0 /* UILable+PYExpand.h */,
				15EFB48F24ED7989003BEAB0 /* UIResponder+Hook.h */,
				15EFB49024ED7989003BEAB0 /* UIView+Hook.h */,
				15EFB49124ED7989003BEAB0 /* UIView+PYAutolayout.h */,
				15EFB49224ED7989003BEAB0 /* UIView+PYExpand.h */,
				15EFB49324ED7989003BEAB0 /* UIViewController+Hook.h */,
				15EFB49424ED7989003BEAB0 /* UIViewController+HookOrientation.h */,
				15EFB49524ED7989003BEAB0 /* UIViewController+HookView.h */,
			);
			path = pyutilea;
			sourceTree = "<group>";
		};
/* End PBXGroup section */

/* Begin PBXNativeTarget section */
		150C6DC51F47E68600731FC7 /* PYFramework */ = {
			isa = PBXNativeTarget;
			buildConfigurationList = 150C6DF31F47E68700731FC7 /* Build configuration list for PBXNativeTarget "PYFramework" */;
			buildPhases = (
				150C6DC21F47E68600731FC7 /* Sources */,
				150C6DC31F47E68600731FC7 /* Frameworks */,
				150C6DC41F47E68600731FC7 /* Resources */,
			);
			buildRules = (
			);
			dependencies = (
			);
			name = PYFramework;
			productName = PYFramework;
			productReference = 150C6DC61F47E68600731FC7 /* PYFramework.app */;
			productType = "com.apple.product-type.application";
		};
		150C6DDE1F47E68600731FC7 /* PYFrameworkTests */ = {
			isa = PBXNativeTarget;
			buildConfigurationList = 150C6DF61F47E68700731FC7 /* Build configuration list for PBXNativeTarget "PYFrameworkTests" */;
			buildPhases = (
				150C6DDB1F47E68600731FC7 /* Sources */,
				150C6DDC1F47E68600731FC7 /* Frameworks */,
				150C6DDD1F47E68600731FC7 /* Resources */,
			);
			buildRules = (
			);
			dependencies = (
				150C6DE11F47E68700731FC7 /* PBXTargetDependency */,
			);
			name = PYFrameworkTests;
			productName = PYFrameworkTests;
			productReference = 150C6DDF1F47E68600731FC7 /* PYFrameworkTests.xctest */;
			productType = "com.apple.product-type.bundle.unit-test";
		};
		150C6DE91F47E68700731FC7 /* PYFrameworkUITests */ = {
			isa = PBXNativeTarget;
			buildConfigurationList = 150C6DF91F47E68700731FC7 /* Build configuration list for PBXNativeTarget "PYFrameworkUITests" */;
			buildPhases = (
				150C6DE61F47E68700731FC7 /* Sources */,
				150C6DE71F47E68700731FC7 /* Frameworks */,
				150C6DE81F47E68700731FC7 /* Resources */,
			);
			buildRules = (
			);
			dependencies = (
				150C6DEC1F47E68700731FC7 /* PBXTargetDependency */,
			);
			name = PYFrameworkUITests;
			productName = PYFrameworkUITests;
			productReference = 150C6DEA1F47E68700731FC7 /* PYFrameworkUITests.xctest */;
			productType = "com.apple.product-type.bundle.ui-testing";
		};
		150C6EC41F4A95AE00731FC7 /* pyframeworka */ = {
			isa = PBXNativeTarget;
			buildConfigurationList = 150C6ECB1F4A95AE00731FC7 /* Build configuration list for PBXNativeTarget "pyframeworka" */;
			buildPhases = (
				150C6EC11F4A95AE00731FC7 /* Sources */,
				150C6EC21F4A95AE00731FC7 /* Frameworks */,
				150C6EC31F4A95AE00731FC7 /* CopyFiles */,
			);
			buildRules = (
			);
			dependencies = (
			);
			name = pyframeworka;
			productName = pyframeworka;
			productReference = 150C6EC51F4A95AE00731FC7 /* libpyframeworka.a */;
			productType = "com.apple.product-type.library.static";
		};
/* End PBXNativeTarget section */

/* Begin PBXProject section */
		150C6DBE1F47E68600731FC7 /* Project object */ = {
			isa = PBXProject;
			attributes = {
				LastUpgradeCheck = 0830;
				ORGANIZATIONNAME = wlpiaoyi;
				TargetAttributes = {
					150C6DC51F47E68600731FC7 = {
						CreatedOnToolsVersion = 8.3.3;
						DevelopmentTeam = TVXZ27JPZ9;
						ProvisioningStyle = Automatic;
					};
					150C6DDE1F47E68600731FC7 = {
						CreatedOnToolsVersion = 8.3.3;
						DevelopmentTeam = S4NUSJ3KDJ;
						ProvisioningStyle = Automatic;
						TestTargetID = 150C6DC51F47E68600731FC7;
					};
					150C6DE91F47E68700731FC7 = {
						CreatedOnToolsVersion = 8.3.3;
						DevelopmentTeam = S4NUSJ3KDJ;
						ProvisioningStyle = Automatic;
						TestTargetID = 150C6DC51F47E68600731FC7;
					};
					150C6EC41F4A95AE00731FC7 = {
						CreatedOnToolsVersion = 8.3.3;
						DevelopmentTeam = S4NUSJ3KDJ;
						ProvisioningStyle = Automatic;
					};
				};
			};
			buildConfigurationList = 150C6DC11F47E68600731FC7 /* Build configuration list for PBXProject "PYFramework" */;
			compatibilityVersion = "Xcode 3.2";
			developmentRegion = English;
			hasScannedForEncodings = 0;
			knownRegions = (
				English,
				en,
				Base,
			);
			mainGroup = 150C6DBD1F47E68600731FC7;
			productRefGroup = 150C6DC71F47E68600731FC7 /* Products */;
			projectDirPath = "";
			projectRoot = "";
			targets = (
				150C6DC51F47E68600731FC7 /* PYFramework */,
				150C6DDE1F47E68600731FC7 /* PYFrameworkTests */,
				150C6DE91F47E68700731FC7 /* PYFrameworkUITests */,
				150C6EC41F4A95AE00731FC7 /* pyframeworka */,
			);
		};
/* End PBXProject section */

/* Begin PBXResourcesBuildPhase section */
		150C6DC41F47E68600731FC7 /* Resources */ = {
			isa = PBXResourcesBuildPhase;
			buildActionMask = 2147483647;
			files = (
				155C6179205782BB00C8A9B4 /* tab_bg.jpg in Resources */,
				150C6E751F49929300731FC7 /* me@2x.png in Resources */,
				155C61772057821600C8A9B4 /* icon.png in Resources */,
				150C6E741F49929300731FC7 /* bill_pre@2x.png in Resources */,
				150C6DD91F47E68600731FC7 /* LaunchScreen.storyboard in Resources */,
				15EFB49A24ED798A003BEAB0 /* PYKit.bundle in Resources */,
				150C6DD61F47E68600731FC7 /* Assets.xcassets in Resources */,
				150C6DD41F47E68600731FC7 /* Main.storyboard in Resources */,
				150C6E761F49929300731FC7 /* me_pre@2x.png in Resources */,
				150C6E731F49929300731FC7 /* bill@2x.png in Resources */,
				15EFB49724ED798A003BEAB0 /* PYInterflow.bundle in Resources */,
			);
			runOnlyForDeploymentPostprocessing = 0;
		};
		150C6DDD1F47E68600731FC7 /* Resources */ = {
			isa = PBXResourcesBuildPhase;
			buildActionMask = 2147483647;
			files = (
			);
			runOnlyForDeploymentPostprocessing = 0;
		};
		150C6DE81F47E68700731FC7 /* Resources */ = {
			isa = PBXResourcesBuildPhase;
			buildActionMask = 2147483647;
			files = (
			);
			runOnlyForDeploymentPostprocessing = 0;
		};
/* End PBXResourcesBuildPhase section */

/* Begin PBXSourcesBuildPhase section */
		150C6DC21F47E68600731FC7 /* Sources */ = {
			isa = PBXSourcesBuildPhase;
			buildActionMask = 2147483647;
			files = (
				15C376041FC1361D0076EFA6 /* PYFwMenuSlipController.m in Sources */,
				1534C47C21724CB800775C07 /* View2Controller.m in Sources */,
				150C6DD11F47E68600731FC7 /* ViewController.m in Sources */,
				150C6E6D1F49601700731FC7 /* PYFrameworkParam.m in Sources */,
				151015162174DD3C002C0C11 /* UIViewcontrollerHookOrientationDelegateImp.m in Sources */,
				150C6E471F49135700731FC7 /* PYFwMenuTabController.m in Sources */,
				150C6E4B1F4913DC00731FC7 /* PYFwMenuController.m in Sources */,
				150C6EB61F4A81C000731FC7 /* PYFrameworkUtile.m in Sources */,
				150C6DCE1F47E68600731FC7 /* AppDelegate.m in Sources */,
				155C617C2057D37B00C8A9B4 /* PYTestNormalViewController.m in Sources */,
				151015032174D9D4002C0C11 /* PYFrameworkParamOrientation.m in Sources */,
				151015132174DC7C002C0C11 /* UIViewcontrollerHookViewDelegateImp.m in Sources */,
				150C6DCB1F47E68600731FC7 /* main.m in Sources */,
				151015192174DE63002C0C11 /* UIViewController+CurrentInterfaceOrientation.m in Sources */,
				150C6E401F48498400731FC7 /* TMController.m in Sources */,
				150C6E341F47EB2400731FC7 /* PYFrameworkController.m in Sources */,
			);
			runOnlyForDeploymentPostprocessing = 0;
		};
		150C6DDB1F47E68600731FC7 /* Sources */ = {
			isa = PBXSourcesBuildPhase;
			buildActionMask = 2147483647;
			files = (
				150C6DE41F47E68700731FC7 /* PYFrameworkTests.m in Sources */,
			);
			runOnlyForDeploymentPostprocessing = 0;
		};
		150C6DE61F47E68700731FC7 /* Sources */ = {
			isa = PBXSourcesBuildPhase;
			buildActionMask = 2147483647;
			files = (
				150C6DEF1F47E68700731FC7 /* PYFrameworkUITests.m in Sources */,
			);
			runOnlyForDeploymentPostprocessing = 0;
		};
		150C6EC11F4A95AE00731FC7 /* Sources */ = {
			isa = PBXSourcesBuildPhase;
			buildActionMask = 2147483647;
			files = (
				1510151C2174E0A4002C0C11 /* UIViewcontrollerHookViewDelegateImp.m in Sources */,
				1510151D2174E0A4002C0C11 /* UIViewcontrollerHookOrientationDelegateImp.m in Sources */,
				1510151E2174E0A4002C0C11 /* UIViewController+CurrentInterfaceOrientation.m in Sources */,
				1510151F2174E0A4002C0C11 /* PYFrameworkParamOrientation.m in Sources */,
				1557989E2058ED49005F7276 /* PYFwMenuSlipController.m in Sources */,
				150C6ED61F4A968400731FC7 /* PYFwMenuController.m in Sources */,
				150C6ECE1F4A961800731FC7 /* PYFrameworkUtile.m in Sources */,
				150C6ECF1F4A961800731FC7 /* PYFrameworkParam.m in Sources */,
				150C6ED01F4A961800731FC7 /* PYFwMenuTabController.m in Sources */,
				150C6ED11F4A961800731FC7 /* PYFrameworkController.m in Sources */,
			);
			runOnlyForDeploymentPostprocessing = 0;
		};
/* End PBXSourcesBuildPhase section */

/* Begin PBXTargetDependency section */
		150C6DE11F47E68700731FC7 /* PBXTargetDependency */ = {
			isa = PBXTargetDependency;
			target = 150C6DC51F47E68600731FC7 /* PYFramework */;
			targetProxy = 150C6DE01F47E68700731FC7 /* PBXContainerItemProxy */;
		};
		150C6DEC1F47E68700731FC7 /* PBXTargetDependency */ = {
			isa = PBXTargetDependency;
			target = 150C6DC51F47E68600731FC7 /* PYFramework */;
			targetProxy = 150C6DEB1F47E68700731FC7 /* PBXContainerItemProxy */;
		};
/* End PBXTargetDependency section */

/* Begin PBXVariantGroup section */
		150C6DD21F47E68600731FC7 /* Main.storyboard */ = {
			isa = PBXVariantGroup;
			children = (
				150C6DD31F47E68600731FC7 /* Base */,
			);
			name = Main.storyboard;
			sourceTree = "<group>";
		};
		150C6DD71F47E68600731FC7 /* LaunchScreen.storyboard */ = {
			isa = PBXVariantGroup;
			children = (
				150C6DD81F47E68600731FC7 /* Base */,
			);
			name = LaunchScreen.storyboard;
			sourceTree = "<group>";
		};
/* End PBXVariantGroup section */

/* Begin XCBuildConfiguration section */
		150C6DF11F47E68700731FC7 /* Debug */ = {
			isa = XCBuildConfiguration;
			buildSettings = {
				ALWAYS_SEARCH_USER_PATHS = NO;
				CLANG_ANALYZER_NONNULL = YES;
				CLANG_ANALYZER_NUMBER_OBJECT_CONVERSION = YES_AGGRESSIVE;
				CLANG_CXX_LANGUAGE_STANDARD = "gnu++0x";
				CLANG_CXX_LIBRARY = "libc++";
				CLANG_ENABLE_MODULES = YES;
				CLANG_ENABLE_OBJC_ARC = YES;
				CLANG_WARN_BOOL_CONVERSION = YES;
				CLANG_WARN_CONSTANT_CONVERSION = YES;
				CLANG_WARN_DIRECT_OBJC_ISA_USAGE = YES_ERROR;
				CLANG_WARN_DOCUMENTATION_COMMENTS = YES;
				CLANG_WARN_EMPTY_BODY = YES;
				CLANG_WARN_ENUM_CONVERSION = YES;
				CLANG_WARN_INFINITE_RECURSION = YES;
				CLANG_WARN_INT_CONVERSION = YES;
				CLANG_WARN_OBJC_ROOT_CLASS = YES_ERROR;
				CLANG_WARN_SUSPICIOUS_MOVE = YES;
				CLANG_WARN_UNREACHABLE_CODE = YES;
				CLANG_WARN__DUPLICATE_METHOD_MATCH = YES;
				"CODE_SIGN_IDENTITY[sdk=iphoneos*]" = "iPhone Developer";
				COPY_PHASE_STRIP = NO;
				DEBUG_INFORMATION_FORMAT = dwarf;
				ENABLE_STRICT_OBJC_MSGSEND = YES;
				ENABLE_TESTABILITY = YES;
				GCC_C_LANGUAGE_STANDARD = gnu99;
				GCC_DYNAMIC_NO_PIC = NO;
				GCC_NO_COMMON_BLOCKS = YES;
				GCC_OPTIMIZATION_LEVEL = 0;
				GCC_PREPROCESSOR_DEFINITIONS = (
					"DEBUG=1",
					"$(inherited)",
				);
				GCC_WARN_64_TO_32_BIT_CONVERSION = YES;
				GCC_WARN_ABOUT_RETURN_TYPE = YES_ERROR;
				GCC_WARN_UNDECLARED_SELECTOR = YES;
				GCC_WARN_UNINITIALIZED_AUTOS = YES_AGGRESSIVE;
				GCC_WARN_UNUSED_FUNCTION = YES;
				GCC_WARN_UNUSED_VARIABLE = YES;
				IPHONEOS_DEPLOYMENT_TARGET = 10.3;
				MTL_ENABLE_DEBUG_INFO = YES;
				ONLY_ACTIVE_ARCH = YES;
				SDKROOT = iphoneos;
				TARGETED_DEVICE_FAMILY = "1,2";
			};
			name = Debug;
		};
		150C6DF21F47E68700731FC7 /* Release */ = {
			isa = XCBuildConfiguration;
			buildSettings = {
				ALWAYS_SEARCH_USER_PATHS = NO;
				CLANG_ANALYZER_NONNULL = YES;
				CLANG_ANALYZER_NUMBER_OBJECT_CONVERSION = YES_AGGRESSIVE;
				CLANG_CXX_LANGUAGE_STANDARD = "gnu++0x";
				CLANG_CXX_LIBRARY = "libc++";
				CLANG_ENABLE_MODULES = YES;
				CLANG_ENABLE_OBJC_ARC = YES;
				CLANG_WARN_BOOL_CONVERSION = YES;
				CLANG_WARN_CONSTANT_CONVERSION = YES;
				CLANG_WARN_DIRECT_OBJC_ISA_USAGE = YES_ERROR;
				CLANG_WARN_DOCUMENTATION_COMMENTS = YES;
				CLANG_WARN_EMPTY_BODY = YES;
				CLANG_WARN_ENUM_CONVERSION = YES;
				CLANG_WARN_INFINITE_RECURSION = YES;
				CLANG_WARN_INT_CONVERSION = YES;
				CLANG_WARN_OBJC_ROOT_CLASS = YES_ERROR;
				CLANG_WARN_SUSPICIOUS_MOVE = YES;
				CLANG_WARN_UNREACHABLE_CODE = YES;
				CLANG_WARN__DUPLICATE_METHOD_MATCH = YES;
				"CODE_SIGN_IDENTITY[sdk=iphoneos*]" = "iPhone Developer";
				COPY_PHASE_STRIP = NO;
				DEBUG_INFORMATION_FORMAT = "dwarf-with-dsym";
				ENABLE_NS_ASSERTIONS = NO;
				ENABLE_STRICT_OBJC_MSGSEND = YES;
				GCC_C_LANGUAGE_STANDARD = gnu99;
				GCC_NO_COMMON_BLOCKS = YES;
				GCC_WARN_64_TO_32_BIT_CONVERSION = YES;
				GCC_WARN_ABOUT_RETURN_TYPE = YES_ERROR;
				GCC_WARN_UNDECLARED_SELECTOR = YES;
				GCC_WARN_UNINITIALIZED_AUTOS = YES_AGGRESSIVE;
				GCC_WARN_UNUSED_FUNCTION = YES;
				GCC_WARN_UNUSED_VARIABLE = YES;
				IPHONEOS_DEPLOYMENT_TARGET = 10.3;
				MTL_ENABLE_DEBUG_INFO = NO;
				SDKROOT = iphoneos;
				TARGETED_DEVICE_FAMILY = "1,2";
				VALIDATE_PRODUCT = YES;
			};
			name = Release;
		};
		150C6DF41F47E68700731FC7 /* Debug */ = {
			isa = XCBuildConfiguration;
			buildSettings = {
				ASSETCATALOG_COMPILER_APPICON_NAME = AppIcon;
				DEVELOPMENT_TEAM = TVXZ27JPZ9;
				INFOPLIST_FILE = PYFramework/Info.plist;
				IPHONEOS_DEPLOYMENT_TARGET = 8.0;
				LD_RUNPATH_SEARCH_PATHS = "$(inherited) @executable_path/Frameworks";
				LIBRARY_SEARCH_PATHS = (
					"$(inherited)",
					"$(PROJECT_DIR)/lib",
					"$(PROJECT_DIR)/lib/pyutile",
					"$(PROJECT_DIR)/lib/pykit",
					"$(PROJECT_DIR)/lib/pyinterflow",
					"$(PROJECT_DIR)/lib/pynetwork",
					"$(PROJECT_DIR)/Lib/pyinterflow",
					"$(PROJECT_DIR)/Lib/pyipa",
					"$(PROJECT_DIR)/Lib/pykit",
					"$(PROJECT_DIR)/Lib/pynetwork",
					"$(PROJECT_DIR)/Lib/pyutile",
				);
				OTHER_LDFLAGS = "-ObjC";
				PRODUCT_BUNDLE_IDENTIFIER = org.wlpiaoyi.PYFramework;
				PRODUCT_NAME = "$(TARGET_NAME)";
			};
			name = Debug;
		};
		150C6DF51F47E68700731FC7 /* Release */ = {
			isa = XCBuildConfiguration;
			buildSettings = {
				ASSETCATALOG_COMPILER_APPICON_NAME = AppIcon;
				DEVELOPMENT_TEAM = TVXZ27JPZ9;
				INFOPLIST_FILE = PYFramework/Info.plist;
				IPHONEOS_DEPLOYMENT_TARGET = 8.0;
				LD_RUNPATH_SEARCH_PATHS = "$(inherited) @executable_path/Frameworks";
				LIBRARY_SEARCH_PATHS = (
					"$(inherited)",
					"$(PROJECT_DIR)/lib",
					"$(PROJECT_DIR)/lib/pyutile",
					"$(PROJECT_DIR)/lib/pykit",
					"$(PROJECT_DIR)/lib/pyinterflow",
					"$(PROJECT_DIR)/lib/pynetwork",
					"$(PROJECT_DIR)/Lib/pyinterflow",
					"$(PROJECT_DIR)/Lib/pyipa",
					"$(PROJECT_DIR)/Lib/pykit",
					"$(PROJECT_DIR)/Lib/pynetwork",
					"$(PROJECT_DIR)/Lib/pyutile",
				);
				OTHER_LDFLAGS = "-ObjC";
				PRODUCT_BUNDLE_IDENTIFIER = org.wlpiaoyi.PYFramework;
				PRODUCT_NAME = "$(TARGET_NAME)";
			};
			name = Release;
		};
		150C6DF71F47E68700731FC7 /* Debug */ = {
			isa = XCBuildConfiguration;
			buildSettings = {
				BUNDLE_LOADER = "$(TEST_HOST)";
				DEVELOPMENT_TEAM = S4NUSJ3KDJ;
				INFOPLIST_FILE = PYFrameworkTests/Info.plist;
				LD_RUNPATH_SEARCH_PATHS = "$(inherited) @executable_path/Frameworks @loader_path/Frameworks";
				PRODUCT_BUNDLE_IDENTIFIER = org.wlpiaoyi.PYFrameworkTests;
				PRODUCT_NAME = "$(TARGET_NAME)";
				TEST_HOST = "$(BUILT_PRODUCTS_DIR)/PYFramework.app/PYFramework";
			};
			name = Debug;
		};
		150C6DF81F47E68700731FC7 /* Release */ = {
			isa = XCBuildConfiguration;
			buildSettings = {
				BUNDLE_LOADER = "$(TEST_HOST)";
				DEVELOPMENT_TEAM = S4NUSJ3KDJ;
				INFOPLIST_FILE = PYFrameworkTests/Info.plist;
				LD_RUNPATH_SEARCH_PATHS = "$(inherited) @executable_path/Frameworks @loader_path/Frameworks";
				PRODUCT_BUNDLE_IDENTIFIER = org.wlpiaoyi.PYFrameworkTests;
				PRODUCT_NAME = "$(TARGET_NAME)";
				TEST_HOST = "$(BUILT_PRODUCTS_DIR)/PYFramework.app/PYFramework";
			};
			name = Release;
		};
		150C6DFA1F47E68700731FC7 /* Debug */ = {
			isa = XCBuildConfiguration;
			buildSettings = {
				DEVELOPMENT_TEAM = S4NUSJ3KDJ;
				INFOPLIST_FILE = PYFrameworkUITests/Info.plist;
				LD_RUNPATH_SEARCH_PATHS = "$(inherited) @executable_path/Frameworks @loader_path/Frameworks";
				PRODUCT_BUNDLE_IDENTIFIER = org.wlpiaoyi.PYFrameworkUITests;
				PRODUCT_NAME = "$(TARGET_NAME)";
				TEST_TARGET_NAME = PYFramework;
			};
			name = Debug;
		};
		150C6DFB1F47E68700731FC7 /* Release */ = {
			isa = XCBuildConfiguration;
			buildSettings = {
				DEVELOPMENT_TEAM = S4NUSJ3KDJ;
				INFOPLIST_FILE = PYFrameworkUITests/Info.plist;
				LD_RUNPATH_SEARCH_PATHS = "$(inherited) @executable_path/Frameworks @loader_path/Frameworks";
				PRODUCT_BUNDLE_IDENTIFIER = org.wlpiaoyi.PYFrameworkUITests;
				PRODUCT_NAME = "$(TARGET_NAME)";
				TEST_TARGET_NAME = PYFramework;
			};
			name = Release;
		};
		150C6ECC1F4A95AE00731FC7 /* Debug */ = {
			isa = XCBuildConfiguration;
			buildSettings = {
				DEVELOPMENT_TEAM = S4NUSJ3KDJ;
				IPHONEOS_DEPLOYMENT_TARGET = 8.0;
				OTHER_LDFLAGS = "-ObjC";
				PRODUCT_NAME = "$(TARGET_NAME)";
				SKIP_INSTALL = YES;
			};
			name = Debug;
		};
		150C6ECD1F4A95AE00731FC7 /* Release */ = {
			isa = XCBuildConfiguration;
			buildSettings = {
				DEBUG_INFORMATION_FORMAT = dwarf;
				DEVELOPMENT_TEAM = S4NUSJ3KDJ;
				IPHONEOS_DEPLOYMENT_TARGET = 8.0;
				OTHER_LDFLAGS = "-ObjC";
				PRODUCT_NAME = "$(TARGET_NAME)";
				SKIP_INSTALL = YES;
			};
			name = Release;
		};
/* End XCBuildConfiguration section */

/* Begin XCConfigurationList section */
		150C6DC11F47E68600731FC7 /* Build configuration list for PBXProject "PYFramework" */ = {
			isa = XCConfigurationList;
			buildConfigurations = (
				150C6DF11F47E68700731FC7 /* Debug */,
				150C6DF21F47E68700731FC7 /* Release */,
			);
			defaultConfigurationIsVisible = 0;
			defaultConfigurationName = Release;
		};
		150C6DF31F47E68700731FC7 /* Build configuration list for PBXNativeTarget "PYFramework" */ = {
			isa = XCConfigurationList;
			buildConfigurations = (
				150C6DF41F47E68700731FC7 /* Debug */,
				150C6DF51F47E68700731FC7 /* Release */,
			);
			defaultConfigurationIsVisible = 0;
			defaultConfigurationName = Release;
		};
		150C6DF61F47E68700731FC7 /* Build configuration list for PBXNativeTarget "PYFrameworkTests" */ = {
			isa = XCConfigurationList;
			buildConfigurations = (
				150C6DF71F47E68700731FC7 /* Debug */,
				150C6DF81F47E68700731FC7 /* Release */,
			);
			defaultConfigurationIsVisible = 0;
			defaultConfigurationName = Release;
		};
		150C6DF91F47E68700731FC7 /* Build configuration list for PBXNativeTarget "PYFrameworkUITests" */ = {
			isa = XCConfigurationList;
			buildConfigurations = (
				150C6DFA1F47E68700731FC7 /* Debug */,
				150C6DFB1F47E68700731FC7 /* Release */,
			);
			defaultConfigurationIsVisible = 0;
			defaultConfigurationName = Release;
		};
		150C6ECB1F4A95AE00731FC7 /* Build configuration list for PBXNativeTarget "pyframeworka" */ = {
			isa = XCConfigurationList;
			buildConfigurations = (
				150C6ECC1F4A95AE00731FC7 /* Debug */,
				150C6ECD1F4A95AE00731FC7 /* Release */,
			);
			defaultConfigurationIsVisible = 0;
			defaultConfigurationName = Release;
		};
/* End XCConfigurationList section */
	};
	rootObject = 150C6DBE1F47E68600731FC7 /* Project object */;
}
